
Microsoft Visual Studio Solution File, Format Version 12.00
# Visual Studio Version 16
VisualStudioVersion = 16.0.31702.278
MinimumVisualStudioVersion = 10.0.40219.1
Project("{FAE04EC0-301F-11D3-BF4B-00C04F79EFBC}") = "MasAresei", "MasAresei\MasAresei.csproj", "{67FCEE89-0736-4D38-9E5B-D05401C89B29}"
EndProject
Global
	GlobalSection(SolutionConfigurationPlatforms) = preSolution
		Debug|Any CPU = Debug|Any CPU
		Release|Any CPU = Release|Any CPU
	EndGlobalSection
	GlobalSection(ProjectConfigurationPlatforms) = postSolution
		{67FCEE89-0736-4D38-9E5B-D05401C89B29}.Debug|Any CPU.ActiveCfg = Debug|Any CPU
		{67FCEE89-0736-4D38-9E5B-D05401C89B29}.Debug|Any CPU.Build.0 = Debug|Any CPU
		{67FCEE89-0736-4D38-9E5B-D05401C89B29}.Release|Any CPU.ActiveCfg = Release|Any CPU
		{67FCEE89-0736-4D38-9E5B-D05401C89B29}.Release|Any CPU.Build.0 = Release|Any CPU
	EndGlobalSection
	GlobalSection(SolutionProperties) = preSolution
		HideSolutionNode = FALSE
	EndGlobalSection
	GlobalSection(ExtensibilityGlobals) = postSolution
		SolutionGuid = {8113E97B-90B3-4265-B5FF-A89208AAB9F6}
	EndGlobalSection
EndGlobal
